
Microsoft Visual Studio Solution File, Format Version 12.00
# Visual Studio Version 17
VisualStudioVersion = 17.6.33723.286
MinimumVisualStudioVersion = 10.0.40219.1
Project("{FAE04EC0-301F-11D3-BF4B-00C04F79EFBC}") = "CashMachine_Labb1_DesignPattern", "CashMachine_Labb1_DesignPattern.csproj", "{48CCF7C7-9EFC-4E6B-830D-C87EAB8D0F5A}"
EndProject
Global
	GlobalSection(SolutionConfigurationPlatforms) = preSolution
		Debug|Any CPU = Debug|Any CPU
		Release|Any CPU = Release|Any CPU
	EndGlobalSection
	GlobalSection(ProjectConfigurationPlatforms) = postSolution
		{48CCF7C7-9EFC-4E6B-830D-C87EAB8D0F5A}.Debug|Any CPU.ActiveCfg = Debug|Any CPU
		{48CCF7C7-9EFC-4E6B-830D-C87EAB8D0F5A}.Debug|Any CPU.Build.0 = Debug|Any CPU
		{48CCF7C7-9EFC-4E6B-830D-C87EAB8D0F5A}.Release|Any CPU.ActiveCfg = Release|Any CPU
		{48CCF7C7-9EFC-4E6B-830D-C87EAB8D0F5A}.Release|Any CPU.Build.0 = Release|Any CPU
	EndGlobalSection
	GlobalSection(SolutionProperties) = preSolution
		HideSolutionNode = FALSE
	EndGlobalSection
	GlobalSection(ExtensibilityGlobals) = postSolution
		SolutionGuid = {8DB74A0D-71E9-4681-9E80-0C9F10B2F434}
	EndGlobalSection
EndGlobal
